
Microsoft Visual Studio Solution File, Format Version 12.00
# Visual Studio Version 17
VisualStudioVersion = 17.4.33205.214
MinimumVisualStudioVersion = 10.0.40219.1
Project("{FAE04EC0-301F-11D3-BF4B-00C04F79EFBC}") = "HTTPServer", "HTTPServer\HTTPServer.csproj", "{E5336E05-9138-456D-9340-9E27C7B22617}"
EndProject
Global
	GlobalSection(SolutionConfigurationPlatforms) = preSolution
		Debug|Any CPU = Debug|Any CPU
		Release|Any CPU = Release|Any CPU
	EndGlobalSection
	GlobalSection(ProjectConfigurationPlatforms) = postSolution
		{E5336E05-9138-456D-9340-9E27C7B22617}.Debug|Any CPU.ActiveCfg = Debug|Any CPU
		{E5336E05-9138-456D-9340-9E27C7B22617}.Debug|Any CPU.Build.0 = Debug|Any CPU
		{E5336E05-9138-456D-9340-9E27C7B22617}.Release|Any CPU.ActiveCfg = Release|Any CPU
		{E5336E05-9138-456D-9340-9E27C7B22617}.Release|Any CPU.Build.0 = Release|Any CPU
	EndGlobalSection
	GlobalSection(SolutionProperties) = preSolution
		HideSolutionNode = FALSE
	EndGlobalSection
	GlobalSection(ExtensibilityGlobals) = postSolution
		SolutionGuid = {A6F491B1-6DA7-41BE-AE0E-D06FBCF06314}
	EndGlobalSection
EndGlobal
